
Microsoft Visual Studio Solution File, Format Version 12.00
# Visual Studio Version 16
VisualStudioVersion = 16.0.32228.343
MinimumVisualStudioVersion = 10.0.40219.1
Project("{2150E333-8FDC-42A3-9474-1A3956D46DE8}") = "Net Core", "Net Core", "{4058082F-1CC9-4DED-B2C1-B99EF75DB851}"
EndProject
Project("{2150E333-8FDC-42A3-9474-1A3956D46DE8}") = "Class projects", "Class projects", "{4FAE65DC-D6EA-47C5-A4A5-497A9552216D}"
EndProject
Project("{2150E333-8FDC-42A3-9474-1A3956D46DE8}") = "Console projects", "Console projects", "{21597D3E-40FD-432D-9B15-C69910719D8F}"
EndProject
Project("{9A19103F-16F7-4668-BE54-9A1E7A4F7556}") = "IncrementSequenceConsole", "IncrementSequenceConsole\IncrementSequenceConsole.csproj", "{9D587E77-EAB1-482F-81CF-454FECE52336}"
EndProject
Project("{2150E333-8FDC-42A3-9474-1A3956D46DE8}") = "Solution Items", "Solution Items", "{E1CCD630-400B-4062-A95F-129137F0F057}"
	ProjectSection(SolutionItems) = preProject
		readme.md = readme.md
		VariousTips.md = VariousTips.md
	EndProjectSection
EndProject
Project("{9A19103F-16F7-4668-BE54-9A1E7A4F7556}") = "BetweenCodeSample", "BetweenCodeSample\BetweenCodeSample.csproj", "{3EB3B28D-9B6C-492E-B2AF-01F92BFA4F09}"
EndProject
Project("{9A19103F-16F7-4668-BE54-9A1E7A4F7556}") = "MockingPeopleLibrary", "MockingPeople\MockingPeopleLibrary.csproj", "{CC2463ED-0899-4D02-AD97-29A8AF5E57D7}"
EndProject
Project("{2150E333-8FDC-42A3-9474-1A3956D46DE8}") = "Windows forms projects", "Windows forms projects", "{0D9831FB-491A-48F3-B8E9-8D54017E7A58}"
EndProject
Project("{9A19103F-16F7-4668-BE54-9A1E7A4F7556}") = "MockingPeopleFrontEnd", "MockingPeopleFrontEnd\MockingPeopleFrontEnd.csproj", "{AF585BA3-F5FD-45B4-A23F-7FF87A94A45E}"
EndProject
Project("{9A19103F-16F7-4668-BE54-9A1E7A4F7556}") = "WindowsFormsLibrary", "WindowsFormsLibrary\WindowsFormsLibrary.csproj", "{C697B432-801F-48E5-AEA9-932003FE066A}"
EndProject
Project("{9A19103F-16F7-4668-BE54-9A1E7A4F7556}") = "SimpleEmailValidationDataAnnotations", "SimpleEmailValidationDataAnnotations\SimpleEmailValidationDataAnnotations.csproj", "{0286F4A1-1214-4773-80B0-24C4B8B4E26E}"
EndProject
Project("{9A19103F-16F7-4668-BE54-9A1E7A4F7556}") = "BindingListLibrary", "BindingListLibrary\BindingListLibrary.csproj", "{A0469E21-55D9-404D-95D6-2D61DF5B9279}"
EndProject
Project("{9A19103F-16F7-4668-BE54-9A1E7A4F7556}") = "BindingListAddRangeApp", "BindingListAddRangeApp\BindingListAddRangeApp.csproj", "{920110F8-1E1E-4573-86EC-A2F48640D1BF}"
EndProject
Project("{9A19103F-16F7-4668-BE54-9A1E7A4F7556}") = "MsBuildMakeDirectory", "MsBuildMakeDirectory\MsBuildMakeDirectory.csproj", "{21150AD5-245C-46A9-9CC5-385F43FB1ECA}"
EndProject
Project("{9A19103F-16F7-4668-BE54-9A1E7A4F7556}") = "BooleanLanguageExtensions", "BooleanLanguageExtensions\BooleanLanguageExtensions.csproj", "{68400C60-C1E1-40C7-B883-0B09B2B8B518}"
EndProject
Project("{9A19103F-16F7-4668-BE54-9A1E7A4F7556}") = "ElapsedTime", "ElapsedTime\ElapsedTime.csproj", "{EFCF129F-7A63-4C2C-B2DD-CC454498B2CE}"
EndProject
Project("{9A19103F-16F7-4668-BE54-9A1E7A4F7556}") = "DecimalFun", "DecimalFun\DecimalFun.csproj", "{BF34C2A3-DA01-44DD-9BF1-5A4563CE4BD2}"
EndProject
Project("{9A19103F-16F7-4668-BE54-9A1E7A4F7556}") = "MonthNamesDifferentLanguages", "MonthNamesDifferentLanguages\MonthNamesDifferentLanguages.csproj", "{C8B9E975-8816-4542-B72B-8F215EBD507F}"
EndProject
Project("{9A19103F-16F7-4668-BE54-9A1E7A4F7556}") = "EnumerationLibrary", "EnumerationLibrary\EnumerationLibrary.csproj", "{FE369192-DFF4-4087-BD43-B147D90D3330}"
EndProject
Project("{9A19103F-16F7-4668-BE54-9A1E7A4F7556}") = "EnumDescriptions", "EnumDescriptions\EnumDescriptions.csproj", "{626CDC6F-F1E9-4D7A-AD24-A353082B4B61}"
EndProject
Project("{9A19103F-16F7-4668-BE54-9A1E7A4F7556}") = "AsyncSimple", "AsyncSimple\AsyncSimple.csproj", "{0E8DC125-028F-4003-8A1F-F6AFF5DAF7C6}"
EndProject
Project("{9A19103F-16F7-4668-BE54-9A1E7A4F7556}") = "StringLanguageExtensions", "StringLanguageExtensions\StringLanguageExtensions.csproj", "{21578E8C-52C1-4D4E-BB09-916FD5356B0F}"
EndProject
Project("{9A19103F-16F7-4668-BE54-9A1E7A4F7556}") = "SequenceIssues", "SequenceIssues\SequenceIssues.csproj", "{3617581C-F1C9-41E8-A4E1-E92B7888CA9B}"
EndProject
Project("{9A19103F-16F7-4668-BE54-9A1E7A4F7556}") = "CharacterOccurrencesApp", "CharacterOccurrencesApp\CharacterOccurrencesApp.csproj", "{64E07396-4B9E-4E24-8A47-07B3DD0DDE01}"
EndProject
Project("{9A19103F-16F7-4668-BE54-9A1E7A4F7556}") = "AutoSumDataBinding", "AutoSumDataBinding\AutoSumDataBinding.csproj", "{5E7B38CF-7506-4E04-AE35-515C9014F3AE}"
EndProject
Project("{9A19103F-16F7-4668-BE54-9A1E7A4F7556}") = "FileNamesExamples", "FileNamesExamples\FileNamesExamples.csproj", "{490DD9D4-CED4-4828-8132-3E9E9ED6D473}"
EndProject
Project("{9A19103F-16F7-4668-BE54-9A1E7A4F7556}") = "IsYouCodeReadable", "IsYouCodeReadable\IsYouCodeReadable.csproj", "{22413776-EA6A-4F2A-91B5-E194FA8647D5}"
EndProject
Project("{9A19103F-16F7-4668-BE54-9A1E7A4F7556}") = "SomeThirdPartyLibrary", "SomeThirdPartyLibrary\SomeThirdPartyLibrary.csproj", "{BC14BFEB-6782-4218-A93E-E8BBCC5B661C}"
EndProject
Project("{9A19103F-16F7-4668-BE54-9A1E7A4F7556}") = "ReturningInformation", "ReturningInformation\ReturningInformation.csproj", "{82F0B3DD-396C-4010-9F38-5F667F41DEEA}"
EndProject
Project("{2150E333-8FDC-42A3-9474-1A3956D46DE8}") = "Unit test projects", "Unit test projects", "{244EAEB2-F968-4793-A47C-78FE0351165F}"
EndProject
Project("{9A19103F-16F7-4668-BE54-9A1E7A4F7556}") = "ReturningInformationUnitTestProject", "ReturningInformationUnitTestProject\ReturningInformationUnitTestProject.csproj", "{4294ECD3-8BF4-4DF3-A66D-8A687B73629D}"
EndProject
Project("{9A19103F-16F7-4668-BE54-9A1E7A4F7556}") = "ActionChaining", "ActionChaining\ActionChaining.csproj", "{4D1691DE-0C28-4A85-856C-990705BA7F3C}"
EndProject
Project("{9A19103F-16F7-4668-BE54-9A1E7A4F7556}") = "CommonLibrary", "CommonLibrary\CommonLibrary.csproj", "{2D3E9A76-2C30-4BDC-851E-A630B878EC52}"
EndProject
Project("{9A19103F-16F7-4668-BE54-9A1E7A4F7556}") = "DateTimeHelpersApp", "DateTimeHelpersApp\DateTimeHelpersApp.csproj", "{B42C1F72-0E3E-41DC-986B-C7B69D5A52AB}"
EndProject
Project("{9A19103F-16F7-4668-BE54-9A1E7A4F7556}") = "SwitchExpressions", "SwitchExpressions\SwitchExpressions.csproj", "{8CEB4506-FDDD-49A2-8FB8-016947605739}"
EndProject
Project("{2150E333-8FDC-42A3-9474-1A3956D46DE8}") = "Project templates", "Project templates", "{9275FC08-E160-497B-B2E7-5F9F35A25E93}"
EndProject
Project("{9A19103F-16F7-4668-BE54-9A1E7A4F7556}") = "BaseConsoleCoreTemplate", "BaseConsoleCoreTemplate\BaseConsoleCoreTemplate.csproj", "{6FACB785-1C08-4FE5-B4CE-46645365DFB2}"
EndProject
Project("{9A19103F-16F7-4668-BE54-9A1E7A4F7556}") = "TaskDialogApp", "TaskDialogApp\TaskDialogApp.csproj", "{6814ECD5-FDAE-4078-B3E6-0C59A79407CC}"
EndProject
Project("{9A19103F-16F7-4668-BE54-9A1E7A4F7556}") = "EnhancedPatternMatching", "EnhancedPatternMatching\EnhancedPatternMatching.csproj", "{547D19CE-F707-4709-BC60-4852C6534887}"
EndProject
Project("{9A19103F-16F7-4668-BE54-9A1E7A4F7556}") = "WindowsControlLibrary", "WindowsControlLibrary\WindowsControlLibrary.csproj", "{C5021363-5B24-4219-B87E-8191DED7501D}"
EndProject
Project("{FAE04EC0-301F-11D3-BF4B-00C04F79EFBC}") = "ChangeStuffInMainForm", "ChangeStuffInMainForm\ChangeStuffInMainForm.csproj", "{9822B8FD-F289-4769-BB5E-DC8EE8094C19}"
EndProject
Project("{9A19103F-16F7-4668-BE54-9A1E7A4F7556}") = "CreateDynamicButtons", "CreateDynamicButtons\CreateDynamicButtons.csproj", "{F3821257-918C-4129-A3AD-50D341654699}"
EndProject
Project("{2150E333-8FDC-42A3-9474-1A3956D46DE8}") = "Web", "Web", "{85EDE1FD-DE28-4B56-96F9-76D0D1836E32}"
EndProject
Project("{E24C65DC-7377-472B-9ABA-BC803B73C61A}") = "ConsoleTricks", "ConsoleTricks\", "{D77E95F3-CE0D-4164-8B8E-82E878053BE2}"
	ProjectSection(WebsiteProperties) = preProject
		TargetFrameworkMoniker = ".NETFramework,Version%3Dv4.5"
		Debug.AspNetCompiler.VirtualPath = "/localhost_30175"
		Debug.AspNetCompiler.PhysicalPath = "ConsoleTricks\"
		Debug.AspNetCompiler.TargetPath = "PrecompiledWeb\localhost_30175\"
		Debug.AspNetCompiler.Updateable = "true"
		Debug.AspNetCompiler.ForceOverwrite = "true"
		Debug.AspNetCompiler.FixedNames = "false"
		Debug.AspNetCompiler.Debug = "True"
		Release.AspNetCompiler.VirtualPath = "/localhost_30175"
		Release.AspNetCompiler.PhysicalPath = "ConsoleTricks\"
		Release.AspNetCompiler.TargetPath = "PrecompiledWeb\localhost_30175\"
		Release.AspNetCompiler.Updateable = "true"
		Release.AspNetCompiler.ForceOverwrite = "true"
		Release.AspNetCompiler.FixedNames = "false"
		Release.AspNetCompiler.Debug = "False"
		VWDPort = "30175"
		SlnRelativePath = "ConsoleTricks\"
		DefaultWebSiteLanguage = "Visual Basic"
	EndProjectSection
EndProject
Project("{9A19103F-16F7-4668-BE54-9A1E7A4F7556}") = "FluentValidationLibrary", "FluentValidationLibrary\FluentValidationLibrary.csproj", "{B6B85A2E-3DEC-401E-BC87-E1E43CB13AF4}"
EndProject
Project("{9A19103F-16F7-4668-BE54-9A1E7A4F7556}") = "BaseDataValidatorLibrary", "BaseDataValidatorLibrary\BaseDataValidatorLibrary.csproj", "{63ECAC78-A065-4A1B-952F-B2D8F602BC25}"
EndProject
Project("{9A19103F-16F7-4668-BE54-9A1E7A4F7556}") = "FluentValidationUnitTestProject", "FluentValidationUnitTestProject\FluentValidationUnitTestProject.csproj", "{A5E4E004-67DB-4E16-92AA-B60AC6CD31D2}"
EndProject
Project("{9A19103F-16F7-4668-BE54-9A1E7A4F7556}") = "SqlServerSimpleConnect", "SqlServerSimpleConnect\SqlServerSimpleConnect.csproj", "{7702C778-DCC1-4645-9F86-D1C8769014C4}"
EndProject
Project("{9A19103F-16F7-4668-BE54-9A1E7A4F7556}") = "EntityFrameworkEnumSimple", "EntityFrameworkEnumSimple\EntityFrameworkEnumSimple.csproj", "{CAE4D509-AFB0-45FB-BD5B-036F23ABA51C}"
EndProject
Project("{9A19103F-16F7-4668-BE54-9A1E7A4F7556}") = "EntityFrameworkEnumSimpleApp", "EntityFrameworkEnumSimpleApp\EntityFrameworkEnumSimpleApp.csproj", "{4A524E93-AB5F-4C46-8358-A1A0E9674180}"
EndProject
Project("{9A19103F-16F7-4668-BE54-9A1E7A4F7556}") = "CheckedListBoxExtensionsApp", "CheckedListBoxExtensionsApp\CheckedListBoxExtensionsApp.csproj", "{308B044D-FA00-4AFC-8251-259BDF06C20C}"
EndProject
Project("{9A19103F-16F7-4668-BE54-9A1E7A4F7556}") = "SqlServerAsyncReadCore", "SqlServerAsyncReadCore\SqlServerAsyncReadCore.csproj", "{35842053-65E4-4BC8-AC1D-544BD13B470A}"
EndProject
Project("{9A19103F-16F7-4668-BE54-9A1E7A4F7556}") = "CustomExceptions", "CustomExceptions\CustomExceptions.csproj", "{03ED16DB-8243-4AAD-9A5E-520FED92AD56}"
EndProject
Project("{9A19103F-16F7-4668-BE54-9A1E7A4F7556}") = "LoginConsoleApp", "LoginConsoleApp\LoginConsoleApp.csproj", "{5E6559C9-1F8F-450D-8868-7D5CAC34DEDF}"
EndProject
Project("{FAE04EC0-301F-11D3-BF4B-00C04F79EFBC}") = "MenuConsoleApp", "MenuConsoleApp\MenuConsoleApp.csproj", "{77F02F33-C041-4157-9007-F0C06966FEB3}"
EndProject
Global
	GlobalSection(SolutionConfigurationPlatforms) = preSolution
		Debug|Any CPU = Debug|Any CPU
		Release|Any CPU = Release|Any CPU
	EndGlobalSection
	GlobalSection(ProjectConfigurationPlatforms) = postSolution
		{9D587E77-EAB1-482F-81CF-454FECE52336}.Debug|Any CPU.ActiveCfg = Debug|Any CPU
		{9D587E77-EAB1-482F-81CF-454FECE52336}.Debug|Any CPU.Build.0 = Debug|Any CPU
		{9D587E77-EAB1-482F-81CF-454FECE52336}.Release|Any CPU.ActiveCfg = Release|Any CPU
		{9D587E77-EAB1-482F-81CF-454FECE52336}.Release|Any CPU.Build.0 = Release|Any CPU
		{3EB3B28D-9B6C-492E-B2AF-01F92BFA4F09}.Debug|Any CPU.ActiveCfg = Debug|Any CPU
		{3EB3B28D-9B6C-492E-B2AF-01F92BFA4F09}.Debug|Any CPU.Build.0 = Debug|Any CPU
		{3EB3B28D-9B6C-492E-B2AF-01F92BFA4F09}.Release|Any CPU.ActiveCfg = Release|Any CPU
		{3EB3B28D-9B6C-492E-B2AF-01F92BFA4F09}.Release|Any CPU.Build.0 = Release|Any CPU
		{CC2463ED-0899-4D02-AD97-29A8AF5E57D7}.Debug|Any CPU.ActiveCfg = Debug|Any CPU
		{CC2463ED-0899-4D02-AD97-29A8AF5E57D7}.Debug|Any CPU.Build.0 = Debug|Any CPU
		{CC2463ED-0899-4D02-AD97-29A8AF5E57D7}.Release|Any CPU.ActiveCfg = Release|Any CPU
		{CC2463ED-0899-4D02-AD97-29A8AF5E57D7}.Release|Any CPU.Build.0 = Release|Any CPU
		{AF585BA3-F5FD-45B4-A23F-7FF87A94A45E}.Debug|Any CPU.ActiveCfg = Debug|Any CPU
		{AF585BA3-F5FD-45B4-A23F-7FF87A94A45E}.Debug|Any CPU.Build.0 = Debug|Any CPU
		{AF585BA3-F5FD-45B4-A23F-7FF87A94A45E}.Release|Any CPU.ActiveCfg = Release|Any CPU
		{AF585BA3-F5FD-45B4-A23F-7FF87A94A45E}.Release|Any CPU.Build.0 = Release|Any CPU
		{C697B432-801F-48E5-AEA9-932003FE066A}.Debug|Any CPU.ActiveCfg = Debug|Any CPU
		{C697B432-801F-48E5-AEA9-932003FE066A}.Debug|Any CPU.Build.0 = Debug|Any CPU
		{C697B432-801F-48E5-AEA9-932003FE066A}.Release|Any CPU.ActiveCfg = Release|Any CPU
		{C697B432-801F-48E5-AEA9-932003FE066A}.Release|Any CPU.Build.0 = Release|Any CPU
		{0286F4A1-1214-4773-80B0-24C4B8B4E26E}.Debug|Any CPU.ActiveCfg = Debug|Any CPU
		{0286F4A1-1214-4773-80B0-24C4B8B4E26E}.Debug|Any CPU.Build.0 = Debug|Any CPU
		{0286F4A1-1214-4773-80B0-24C4B8B4E26E}.Release|Any CPU.ActiveCfg = Release|Any CPU
		{0286F4A1-1214-4773-80B0-24C4B8B4E26E}.Release|Any CPU.Build.0 = Release|Any CPU
		{A0469E21-55D9-404D-95D6-2D61DF5B9279}.Debug|Any CPU.ActiveCfg = Debug|Any CPU
		{A0469E21-55D9-404D-95D6-2D61DF5B9279}.Debug|Any CPU.Build.0 = Debug|Any CPU
		{A0469E21-55D9-404D-95D6-2D61DF5B9279}.Release|Any CPU.ActiveCfg = Release|Any CPU
		{A0469E21-55D9-404D-95D6-2D61DF5B9279}.Release|Any CPU.Build.0 = Release|Any CPU
		{920110F8-1E1E-4573-86EC-A2F48640D1BF}.Debug|Any CPU.ActiveCfg = Debug|Any CPU
		{920110F8-1E1E-4573-86EC-A2F48640D1BF}.Debug|Any CPU.Build.0 = Debug|Any CPU
		{920110F8-1E1E-4573-86EC-A2F48640D1BF}.Release|Any CPU.ActiveCfg = Release|Any CPU
		{920110F8-1E1E-4573-86EC-A2F48640D1BF}.Release|Any CPU.Build.0 = Release|Any CPU
		{21150AD5-245C-46A9-9CC5-385F43FB1ECA}.Debug|Any CPU.ActiveCfg = Debug|Any CPU
		{21150AD5-245C-46A9-9CC5-385F43FB1ECA}.Debug|Any CPU.Build.0 = Debug|Any CPU
		{21150AD5-245C-46A9-9CC5-385F43FB1ECA}.Release|Any CPU.ActiveCfg = Release|Any CPU
		{21150AD5-245C-46A9-9CC5-385F43FB1ECA}.Release|Any CPU.Build.0 = Release|Any CPU
		{68400C60-C1E1-40C7-B883-0B09B2B8B518}.Debug|Any CPU.ActiveCfg = Debug|Any CPU
		{68400C60-C1E1-40C7-B883-0B09B2B8B518}.Debug|Any CPU.Build.0 = Debug|Any CPU
		{68400C60-C1E1-40C7-B883-0B09B2B8B518}.Release|Any CPU.ActiveCfg = Release|Any CPU
		{68400C60-C1E1-40C7-B883-0B09B2B8B518}.Release|Any CPU.Build.0 = Release|Any CPU
		{EFCF129F-7A63-4C2C-B2DD-CC454498B2CE}.Debug|Any CPU.ActiveCfg = Debug|Any CPU
		{EFCF129F-7A63-4C2C-B2DD-CC454498B2CE}.Debug|Any CPU.Build.0 = Debug|Any CPU
		{EFCF129F-7A63-4C2C-B2DD-CC454498B2CE}.Release|Any CPU.ActiveCfg = Release|Any CPU
		{EFCF129F-7A63-4C2C-B2DD-CC454498B2CE}.Release|Any CPU.Build.0 = Release|Any CPU
		{BF34C2A3-DA01-44DD-9BF1-5A4563CE4BD2}.Debug|Any CPU.ActiveCfg = Debug|Any CPU
		{BF34C2A3-DA01-44DD-9BF1-5A4563CE4BD2}.Debug|Any CPU.Build.0 = Debug|Any CPU
		{BF34C2A3-DA01-44DD-9BF1-5A4563CE4BD2}.Release|Any CPU.ActiveCfg = Release|Any CPU
		{BF34C2A3-DA01-44DD-9BF1-5A4563CE4BD2}.Release|Any CPU.Build.0 = Release|Any CPU
		{C8B9E975-8816-4542-B72B-8F215EBD507F}.Debug|Any CPU.ActiveCfg = Debug|Any CPU
		{C8B9E975-8816-4542-B72B-8F215EBD507F}.Debug|Any CPU.Build.0 = Debug|Any CPU
		{C8B9E975-8816-4542-B72B-8F215EBD507F}.Release|Any CPU.ActiveCfg = Release|Any CPU
		{C8B9E975-8816-4542-B72B-8F215EBD507F}.Release|Any CPU.Build.0 = Release|Any CPU
		{FE369192-DFF4-4087-BD43-B147D90D3330}.Debug|Any CPU.ActiveCfg = Debug|Any CPU
		{FE369192-DFF4-4087-BD43-B147D90D3330}.Debug|Any CPU.Build.0 = Debug|Any CPU
		{FE369192-DFF4-4087-BD43-B147D90D3330}.Release|Any CPU.ActiveCfg = Release|Any CPU
		{FE369192-DFF4-4087-BD43-B147D90D3330}.Release|Any CPU.Build.0 = Release|Any CPU
		{626CDC6F-F1E9-4D7A-AD24-A353082B4B61}.Debug|Any CPU.ActiveCfg = Debug|Any CPU
		{626CDC6F-F1E9-4D7A-AD24-A353082B4B61}.Debug|Any CPU.Build.0 = Debug|Any CPU
		{626CDC6F-F1E9-4D7A-AD24-A353082B4B61}.Release|Any CPU.ActiveCfg = Release|Any CPU
		{626CDC6F-F1E9-4D7A-AD24-A353082B4B61}.Release|Any CPU.Build.0 = Release|Any CPU
		{0E8DC125-028F-4003-8A1F-F6AFF5DAF7C6}.Debug|Any CPU.ActiveCfg = Debug|Any CPU
		{0E8DC125-028F-4003-8A1F-F6AFF5DAF7C6}.Debug|Any CPU.Build.0 = Debug|Any CPU
		{0E8DC125-028F-4003-8A1F-F6AFF5DAF7C6}.Release|Any CPU.ActiveCfg = Release|Any CPU
		{0E8DC125-028F-4003-8A1F-F6AFF5DAF7C6}.Release|Any CPU.Build.0 = Release|Any CPU
		{21578E8C-52C1-4D4E-BB09-916FD5356B0F}.Debug|Any CPU.ActiveCfg = Debug|Any CPU
		{21578E8C-52C1-4D4E-BB09-916FD5356B0F}.Debug|Any CPU.Build.0 = Debug|Any CPU
		{21578E8C-52C1-4D4E-BB09-916FD5356B0F}.Release|Any CPU.ActiveCfg = Release|Any CPU
		{21578E8C-52C1-4D4E-BB09-916FD5356B0F}.Release|Any CPU.Build.0 = Release|Any CPU
		{3617581C-F1C9-41E8-A4E1-E92B7888CA9B}.Debug|Any CPU.ActiveCfg = Debug|Any CPU
		{3617581C-F1C9-41E8-A4E1-E92B7888CA9B}.Debug|Any CPU.Build.0 = Debug|Any CPU
		{3617581C-F1C9-41E8-A4E1-E92B7888CA9B}.Release|Any CPU.ActiveCfg = Release|Any CPU
		{3617581C-F1C9-41E8-A4E1-E92B7888CA9B}.Release|Any CPU.Build.0 = Release|Any CPU
		{64E07396-4B9E-4E24-8A47-07B3DD0DDE01}.Debug|Any CPU.ActiveCfg = Debug|Any CPU
		{64E07396-4B9E-4E24-8A47-07B3DD0DDE01}.Debug|Any CPU.Build.0 = Debug|Any CPU
		{64E07396-4B9E-4E24-8A47-07B3DD0DDE01}.Release|Any CPU.ActiveCfg = Release|Any CPU
		{64E07396-4B9E-4E24-8A47-07B3DD0DDE01}.Release|Any CPU.Build.0 = Release|Any CPU
		{5E7B38CF-7506-4E04-AE35-515C9014F3AE}.Debug|Any CPU.ActiveCfg = Debug|Any CPU
		{5E7B38CF-7506-4E04-AE35-515C9014F3AE}.Debug|Any CPU.Build.0 = Debug|Any CPU
		{5E7B38CF-7506-4E04-AE35-515C9014F3AE}.Release|Any CPU.ActiveCfg = Release|Any CPU
		{5E7B38CF-7506-4E04-AE35-515C9014F3AE}.Release|Any CPU.Build.0 = Release|Any CPU
		{490DD9D4-CED4-4828-8132-3E9E9ED6D473}.Debug|Any CPU.ActiveCfg = Debug|Any CPU
		{490DD9D4-CED4-4828-8132-3E9E9ED6D473}.Debug|Any CPU.Build.0 = Debug|Any CPU
		{490DD9D4-CED4-4828-8132-3E9E9ED6D473}.Release|Any CPU.ActiveCfg = Release|Any CPU
		{490DD9D4-CED4-4828-8132-3E9E9ED6D473}.Release|Any CPU.Build.0 = Release|Any CPU
		{22413776-EA6A-4F2A-91B5-E194FA8647D5}.Debug|Any CPU.ActiveCfg = Debug|Any CPU
		{22413776-EA6A-4F2A-91B5-E194FA8647D5}.Debug|Any CPU.Build.0 = Debug|Any CPU
		{22413776-EA6A-4F2A-91B5-E194FA8647D5}.Release|Any CPU.ActiveCfg = Release|Any CPU
		{22413776-EA6A-4F2A-91B5-E194FA8647D5}.Release|Any CPU.Build.0 = Release|Any CPU
		{BC14BFEB-6782-4218-A93E-E8BBCC5B661C}.Debug|Any CPU.ActiveCfg = Debug|Any CPU
		{BC14BFEB-6782-4218-A93E-E8BBCC5B661C}.Debug|Any CPU.Build.0 = Debug|Any CPU
		{BC14BFEB-6782-4218-A93E-E8BBCC5B661C}.Release|Any CPU.ActiveCfg = Release|Any CPU
		{BC14BFEB-6782-4218-A93E-E8BBCC5B661C}.Release|Any CPU.Build.0 = Release|Any CPU
		{82F0B3DD-396C-4010-9F38-5F667F41DEEA}.Debug|Any CPU.ActiveCfg = Debug|Any CPU
		{82F0B3DD-396C-4010-9F38-5F667F41DEEA}.Debug|Any CPU.Build.0 = Debug|Any CPU
		{82F0B3DD-396C-4010-9F38-5F667F41DEEA}.Release|Any CPU.ActiveCfg = Release|Any CPU
		{82F0B3DD-396C-4010-9F38-5F667F41DEEA}.Release|Any CPU.Build.0 = Release|Any CPU
		{4294ECD3-8BF4-4DF3-A66D-8A687B73629D}.Debug|Any CPU.ActiveCfg = Debug|Any CPU
		{4294ECD3-8BF4-4DF3-A66D-8A687B73629D}.Debug|Any CPU.Build.0 = Debug|Any CPU
		{4294ECD3-8BF4-4DF3-A66D-8A687B73629D}.Release|Any CPU.ActiveCfg = Release|Any CPU
		{4294ECD3-8BF4-4DF3-A66D-8A687B73629D}.Release|Any CPU.Build.0 = Release|Any CPU
		{4D1691DE-0C28-4A85-856C-990705BA7F3C}.Debug|Any CPU.ActiveCfg = Debug|Any CPU
		{4D1691DE-0C28-4A85-856C-990705BA7F3C}.Debug|Any CPU.Build.0 = Debug|Any CPU
		{4D1691DE-0C28-4A85-856C-990705BA7F3C}.Release|Any CPU.ActiveCfg = Release|Any CPU
		{4D1691DE-0C28-4A85-856C-990705BA7F3C}.Release|Any CPU.Build.0 = Release|Any CPU
		{2D3E9A76-2C30-4BDC-851E-A630B878EC52}.Debug|Any CPU.ActiveCfg = Debug|Any CPU
		{2D3E9A76-2C30-4BDC-851E-A630B878EC52}.Debug|Any CPU.Build.0 = Debug|Any CPU
		{2D3E9A76-2C30-4BDC-851E-A630B878EC52}.Release|Any CPU.ActiveCfg = Release|Any CPU
		{2D3E9A76-2C30-4BDC-851E-A630B878EC52}.Release|Any CPU.Build.0 = Release|Any CPU
		{B42C1F72-0E3E-41DC-986B-C7B69D5A52AB}.Debug|Any CPU.ActiveCfg = Debug|Any CPU
		{B42C1F72-0E3E-41DC-986B-C7B69D5A52AB}.Debug|Any CPU.Build.0 = Debug|Any CPU
		{B42C1F72-0E3E-41DC-986B-C7B69D5A52AB}.Release|Any CPU.ActiveCfg = Release|Any CPU
		{B42C1F72-0E3E-41DC-986B-C7B69D5A52AB}.Release|Any CPU.Build.0 = Release|Any CPU
		{8CEB4506-FDDD-49A2-8FB8-016947605739}.Debug|Any CPU.ActiveCfg = Debug|Any CPU
		{8CEB4506-FDDD-49A2-8FB8-016947605739}.Debug|Any CPU.Build.0 = Debug|Any CPU
		{8CEB4506-FDDD-49A2-8FB8-016947605739}.Release|Any CPU.ActiveCfg = Release|Any CPU
		{8CEB4506-FDDD-49A2-8FB8-016947605739}.Release|Any CPU.Build.0 = Release|Any CPU
		{6FACB785-1C08-4FE5-B4CE-46645365DFB2}.Debug|Any CPU.ActiveCfg = Debug|Any CPU
		{6FACB785-1C08-4FE5-B4CE-46645365DFB2}.Debug|Any CPU.Build.0 = Debug|Any CPU
		{6FACB785-1C08-4FE5-B4CE-46645365DFB2}.Release|Any CPU.ActiveCfg = Release|Any CPU
		{6FACB785-1C08-4FE5-B4CE-46645365DFB2}.Release|Any CPU.Build.0 = Release|Any CPU
		{6814ECD5-FDAE-4078-B3E6-0C59A79407CC}.Debug|Any CPU.ActiveCfg = Debug|Any CPU
		{6814ECD5-FDAE-4078-B3E6-0C59A79407CC}.Debug|Any CPU.Build.0 = Debug|Any CPU
		{6814ECD5-FDAE-4078-B3E6-0C59A79407CC}.Release|Any CPU.ActiveCfg = Release|Any CPU
		{6814ECD5-FDAE-4078-B3E6-0C59A79407CC}.Release|Any CPU.Build.0 = Release|Any CPU
		{547D19CE-F707-4709-BC60-4852C6534887}.Debug|Any CPU.ActiveCfg = Debug|Any CPU
		{547D19CE-F707-4709-BC60-4852C6534887}.Debug|Any CPU.Build.0 = Debug|Any CPU
		{547D19CE-F707-4709-BC60-4852C6534887}.Release|Any CPU.ActiveCfg = Release|Any CPU
		{547D19CE-F707-4709-BC60-4852C6534887}.Release|Any CPU.Build.0 = Release|Any CPU
		{C5021363-5B24-4219-B87E-8191DED7501D}.Debug|Any CPU.ActiveCfg = Debug|Any CPU
		{C5021363-5B24-4219-B87E-8191DED7501D}.Debug|Any CPU.Build.0 = Debug|Any CPU
		{C5021363-5B24-4219-B87E-8191DED7501D}.Release|Any CPU.ActiveCfg = Release|Any CPU
		{C5021363-5B24-4219-B87E-8191DED7501D}.Release|Any CPU.Build.0 = Release|Any CPU
		{9822B8FD-F289-4769-BB5E-DC8EE8094C19}.Debug|Any CPU.ActiveCfg = Debug|Any CPU
		{9822B8FD-F289-4769-BB5E-DC8EE8094C19}.Debug|Any CPU.Build.0 = Debug|Any CPU
		{9822B8FD-F289-4769-BB5E-DC8EE8094C19}.Release|Any CPU.ActiveCfg = Release|Any CPU
		{9822B8FD-F289-4769-BB5E-DC8EE8094C19}.Release|Any CPU.Build.0 = Release|Any CPU
		{F3821257-918C-4129-A3AD-50D341654699}.Debug|Any CPU.ActiveCfg = Debug|Any CPU
		{F3821257-918C-4129-A3AD-50D341654699}.Debug|Any CPU.Build.0 = Debug|Any CPU
		{F3821257-918C-4129-A3AD-50D341654699}.Release|Any CPU.ActiveCfg = Release|Any CPU
		{F3821257-918C-4129-A3AD-50D341654699}.Release|Any CPU.Build.0 = Release|Any CPU
		{D77E95F3-CE0D-4164-8B8E-82E878053BE2}.Debug|Any CPU.ActiveCfg = Debug|Any CPU
		{D77E95F3-CE0D-4164-8B8E-82E878053BE2}.Debug|Any CPU.Build.0 = Debug|Any CPU
		{D77E95F3-CE0D-4164-8B8E-82E878053BE2}.Release|Any CPU.ActiveCfg = Debug|Any CPU
		{D77E95F3-CE0D-4164-8B8E-82E878053BE2}.Release|Any CPU.Build.0 = Debug|Any CPU
		{B6B85A2E-3DEC-401E-BC87-E1E43CB13AF4}.Debug|Any CPU.ActiveCfg = Debug|Any CPU
		{B6B85A2E-3DEC-401E-BC87-E1E43CB13AF4}.Debug|Any CPU.Build.0 = Debug|Any CPU
		{B6B85A2E-3DEC-401E-BC87-E1E43CB13AF4}.Release|Any CPU.ActiveCfg = Release|Any CPU
		{B6B85A2E-3DEC-401E-BC87-E1E43CB13AF4}.Release|Any CPU.Build.0 = Release|Any CPU
		{63ECAC78-A065-4A1B-952F-B2D8F602BC25}.Debug|Any CPU.ActiveCfg = Debug|Any CPU
		{63ECAC78-A065-4A1B-952F-B2D8F602BC25}.Debug|Any CPU.Build.0 = Debug|Any CPU
		{63ECAC78-A065-4A1B-952F-B2D8F602BC25}.Release|Any CPU.ActiveCfg = Release|Any CPU
		{63ECAC78-A065-4A1B-952F-B2D8F602BC25}.Release|Any CPU.Build.0 = Release|Any CPU
		{A5E4E004-67DB-4E16-92AA-B60AC6CD31D2}.Debug|Any CPU.ActiveCfg = Debug|Any CPU
		{A5E4E004-67DB-4E16-92AA-B60AC6CD31D2}.Debug|Any CPU.Build.0 = Debug|Any CPU
		{A5E4E004-67DB-4E16-92AA-B60AC6CD31D2}.Release|Any CPU.ActiveCfg = Release|Any CPU
		{A5E4E004-67DB-4E16-92AA-B60AC6CD31D2}.Release|Any CPU.Build.0 = Release|Any CPU
		{7702C778-DCC1-4645-9F86-D1C8769014C4}.Debug|Any CPU.ActiveCfg = Debug|Any CPU
		{7702C778-DCC1-4645-9F86-D1C8769014C4}.Debug|Any CPU.Build.0 = Debug|Any CPU
		{7702C778-DCC1-4645-9F86-D1C8769014C4}.Release|Any CPU.ActiveCfg = Release|Any CPU
		{7702C778-DCC1-4645-9F86-D1C8769014C4}.Release|Any CPU.Build.0 = Release|Any CPU
		{CAE4D509-AFB0-45FB-BD5B-036F23ABA51C}.Debug|Any CPU.ActiveCfg = Debug|Any CPU
		{CAE4D509-AFB0-45FB-BD5B-036F23ABA51C}.Debug|Any CPU.Build.0 = Debug|Any CPU
		{CAE4D509-AFB0-45FB-BD5B-036F23ABA51C}.Release|Any CPU.ActiveCfg = Release|Any CPU
		{CAE4D509-AFB0-45FB-BD5B-036F23ABA51C}.Release|Any CPU.Build.0 = Release|Any CPU
		{4A524E93-AB5F-4C46-8358-A1A0E9674180}.Debug|Any CPU.ActiveCfg = Debug|Any CPU
		{4A524E93-AB5F-4C46-8358-A1A0E9674180}.Debug|Any CPU.Build.0 = Debug|Any CPU
		{4A524E93-AB5F-4C46-8358-A1A0E9674180}.Release|Any CPU.ActiveCfg = Release|Any CPU
		{4A524E93-AB5F-4C46-8358-A1A0E9674180}.Release|Any CPU.Build.0 = Release|Any CPU
		{308B044D-FA00-4AFC-8251-259BDF06C20C}.Debug|Any CPU.ActiveCfg = Debug|Any CPU
		{308B044D-FA00-4AFC-8251-259BDF06C20C}.Debug|Any CPU.Build.0 = Debug|Any CPU
		{308B044D-FA00-4AFC-8251-259BDF06C20C}.Release|Any CPU.ActiveCfg = Release|Any CPU
		{308B044D-FA00-4AFC-8251-259BDF06C20C}.Release|Any CPU.Build.0 = Release|Any CPU
		{35842053-65E4-4BC8-AC1D-544BD13B470A}.Debug|Any CPU.ActiveCfg = Debug|Any CPU
		{35842053-65E4-4BC8-AC1D-544BD13B470A}.Debug|Any CPU.Build.0 = Debug|Any CPU
		{35842053-65E4-4BC8-AC1D-544BD13B470A}.Release|Any CPU.ActiveCfg = Release|Any CPU
		{35842053-65E4-4BC8-AC1D-544BD13B470A}.Release|Any CPU.Build.0 = Release|Any CPU
		{03ED16DB-8243-4AAD-9A5E-520FED92AD56}.Debug|Any CPU.ActiveCfg = Debug|Any CPU
		{03ED16DB-8243-4AAD-9A5E-520FED92AD56}.Debug|Any CPU.Build.0 = Debug|Any CPU
		{03ED16DB-8243-4AAD-9A5E-520FED92AD56}.Release|Any CPU.ActiveCfg = Release|Any CPU
		{03ED16DB-8243-4AAD-9A5E-520FED92AD56}.Release|Any CPU.Build.0 = Release|Any CPU
		{5E6559C9-1F8F-450D-8868-7D5CAC34DEDF}.Debug|Any CPU.ActiveCfg = Debug|Any CPU
		{5E6559C9-1F8F-450D-8868-7D5CAC34DEDF}.Debug|Any CPU.Build.0 = Debug|Any CPU
		{5E6559C9-1F8F-450D-8868-7D5CAC34DEDF}.Release|Any CPU.ActiveCfg = Release|Any CPU
		{5E6559C9-1F8F-450D-8868-7D5CAC34DEDF}.Release|Any CPU.Build.0 = Release|Any CPU
		{77F02F33-C041-4157-9007-F0C06966FEB3}.Debug|Any CPU.ActiveCfg = Debug|Any CPU
		{77F02F33-C041-4157-9007-F0C06966FEB3}.Debug|Any CPU.Build.0 = Debug|Any CPU
		{77F02F33-C041-4157-9007-F0C06966FEB3}.Release|Any CPU.ActiveCfg = Release|Any CPU
		{77F02F33-C041-4157-9007-F0C06966FEB3}.Release|Any CPU.Build.0 = Release|Any CPU
	EndGlobalSection
	GlobalSection(SolutionProperties) = preSolution
		HideSolutionNode = FALSE
	EndGlobalSection
	GlobalSection(NestedProjects) = preSolution
		{4FAE65DC-D6EA-47C5-A4A5-497A9552216D} = {4058082F-1CC9-4DED-B2C1-B99EF75DB851}
		{21597D3E-40FD-432D-9B15-C69910719D8F} = {4058082F-1CC9-4DED-B2C1-B99EF75DB851}
		{9D587E77-EAB1-482F-81CF-454FECE52336} = {21597D3E-40FD-432D-9B15-C69910719D8F}
		{3EB3B28D-9B6C-492E-B2AF-01F92BFA4F09} = {21597D3E-40FD-432D-9B15-C69910719D8F}
		{CC2463ED-0899-4D02-AD97-29A8AF5E57D7} = {4FAE65DC-D6EA-47C5-A4A5-497A9552216D}
		{0D9831FB-491A-48F3-B8E9-8D54017E7A58} = {4058082F-1CC9-4DED-B2C1-B99EF75DB851}
		{AF585BA3-F5FD-45B4-A23F-7FF87A94A45E} = {0D9831FB-491A-48F3-B8E9-8D54017E7A58}
		{C697B432-801F-48E5-AEA9-932003FE066A} = {4FAE65DC-D6EA-47C5-A4A5-497A9552216D}
		{0286F4A1-1214-4773-80B0-24C4B8B4E26E} = {21597D3E-40FD-432D-9B15-C69910719D8F}
		{A0469E21-55D9-404D-95D6-2D61DF5B9279} = {4FAE65DC-D6EA-47C5-A4A5-497A9552216D}
		{920110F8-1E1E-4573-86EC-A2F48640D1BF} = {21597D3E-40FD-432D-9B15-C69910719D8F}
		{21150AD5-245C-46A9-9CC5-385F43FB1ECA} = {21597D3E-40FD-432D-9B15-C69910719D8F}
		{68400C60-C1E1-40C7-B883-0B09B2B8B518} = {21597D3E-40FD-432D-9B15-C69910719D8F}
		{EFCF129F-7A63-4C2C-B2DD-CC454498B2CE} = {21597D3E-40FD-432D-9B15-C69910719D8F}
		{BF34C2A3-DA01-44DD-9BF1-5A4563CE4BD2} = {21597D3E-40FD-432D-9B15-C69910719D8F}
		{C8B9E975-8816-4542-B72B-8F215EBD507F} = {21597D3E-40FD-432D-9B15-C69910719D8F}
		{FE369192-DFF4-4087-BD43-B147D90D3330} = {4FAE65DC-D6EA-47C5-A4A5-497A9552216D}
		{626CDC6F-F1E9-4D7A-AD24-A353082B4B61} = {0D9831FB-491A-48F3-B8E9-8D54017E7A58}
		{0E8DC125-028F-4003-8A1F-F6AFF5DAF7C6} = {0D9831FB-491A-48F3-B8E9-8D54017E7A58}
		{21578E8C-52C1-4D4E-BB09-916FD5356B0F} = {4FAE65DC-D6EA-47C5-A4A5-497A9552216D}
		{3617581C-F1C9-41E8-A4E1-E92B7888CA9B} = {21597D3E-40FD-432D-9B15-C69910719D8F}
		{64E07396-4B9E-4E24-8A47-07B3DD0DDE01} = {0D9831FB-491A-48F3-B8E9-8D54017E7A58}
		{5E7B38CF-7506-4E04-AE35-515C9014F3AE} = {0D9831FB-491A-48F3-B8E9-8D54017E7A58}
		{490DD9D4-CED4-4828-8132-3E9E9ED6D473} = {21597D3E-40FD-432D-9B15-C69910719D8F}
		{22413776-EA6A-4F2A-91B5-E194FA8647D5} = {21597D3E-40FD-432D-9B15-C69910719D8F}
		{BC14BFEB-6782-4218-A93E-E8BBCC5B661C} = {4FAE65DC-D6EA-47C5-A4A5-497A9552216D}
		{82F0B3DD-396C-4010-9F38-5F667F41DEEA} = {4FAE65DC-D6EA-47C5-A4A5-497A9552216D}
		{244EAEB2-F968-4793-A47C-78FE0351165F} = {4058082F-1CC9-4DED-B2C1-B99EF75DB851}
		{4294ECD3-8BF4-4DF3-A66D-8A687B73629D} = {244EAEB2-F968-4793-A47C-78FE0351165F}
		{4D1691DE-0C28-4A85-856C-990705BA7F3C} = {21597D3E-40FD-432D-9B15-C69910719D8F}
		{2D3E9A76-2C30-4BDC-851E-A630B878EC52} = {4FAE65DC-D6EA-47C5-A4A5-497A9552216D}
		{B42C1F72-0E3E-41DC-986B-C7B69D5A52AB} = {0D9831FB-491A-48F3-B8E9-8D54017E7A58}
		{8CEB4506-FDDD-49A2-8FB8-016947605739} = {21597D3E-40FD-432D-9B15-C69910719D8F}
		{9275FC08-E160-497B-B2E7-5F9F35A25E93} = {21597D3E-40FD-432D-9B15-C69910719D8F}
		{6FACB785-1C08-4FE5-B4CE-46645365DFB2} = {9275FC08-E160-497B-B2E7-5F9F35A25E93}
		{6814ECD5-FDAE-4078-B3E6-0C59A79407CC} = {0D9831FB-491A-48F3-B8E9-8D54017E7A58}
		{547D19CE-F707-4709-BC60-4852C6534887} = {21597D3E-40FD-432D-9B15-C69910719D8F}
		{C5021363-5B24-4219-B87E-8191DED7501D} = {4FAE65DC-D6EA-47C5-A4A5-497A9552216D}
		{9822B8FD-F289-4769-BB5E-DC8EE8094C19} = {0D9831FB-491A-48F3-B8E9-8D54017E7A58}
		{F3821257-918C-4129-A3AD-50D341654699} = {0D9831FB-491A-48F3-B8E9-8D54017E7A58}
		{D77E95F3-CE0D-4164-8B8E-82E878053BE2} = {85EDE1FD-DE28-4B56-96F9-76D0D1836E32}
		{B6B85A2E-3DEC-401E-BC87-E1E43CB13AF4} = {4FAE65DC-D6EA-47C5-A4A5-497A9552216D}
		{63ECAC78-A065-4A1B-952F-B2D8F602BC25} = {4FAE65DC-D6EA-47C5-A4A5-497A9552216D}
		{A5E4E004-67DB-4E16-92AA-B60AC6CD31D2} = {244EAEB2-F968-4793-A47C-78FE0351165F}
		{7702C778-DCC1-4645-9F86-D1C8769014C4} = {0D9831FB-491A-48F3-B8E9-8D54017E7A58}
		{CAE4D509-AFB0-45FB-BD5B-036F23ABA51C} = {4FAE65DC-D6EA-47C5-A4A5-497A9552216D}
		{4A524E93-AB5F-4C46-8358-A1A0E9674180} = {21597D3E-40FD-432D-9B15-C69910719D8F}
		{308B044D-FA00-4AFC-8251-259BDF06C20C} = {0D9831FB-491A-48F3-B8E9-8D54017E7A58}
		{35842053-65E4-4BC8-AC1D-544BD13B470A} = {0D9831FB-491A-48F3-B8E9-8D54017E7A58}
		{03ED16DB-8243-4AAD-9A5E-520FED92AD56} = {4FAE65DC-D6EA-47C5-A4A5-497A9552216D}
		{5E6559C9-1F8F-450D-8868-7D5CAC34DEDF} = {21597D3E-40FD-432D-9B15-C69910719D8F}
		{77F02F33-C041-4157-9007-F0C06966FEB3} = {21597D3E-40FD-432D-9B15-C69910719D8F}
	EndGlobalSection
	GlobalSection(ExtensibilityGlobals) = postSolution
		SolutionGuid = {4220561F-023E-4F8E-8893-1A0DBFDF1B0C}
	EndGlobalSection
EndGlobal
